
Microsoft Visual Studio Solution File, Format Version 12.00
# Visual Studio 2012
Project("{FAE04EC0-301F-11D3-BF4B-00C04F79EFBC}") = "S9.Utility", "S9.Utility\S9.Utility.csproj", "{F92FBF65-F026-46F8-899F-EAA13C5A0F15}"
EndProject
Project("{FAE04EC0-301F-11D3-BF4B-00C04F79EFBC}") = "French.Services", "French.Services\French.Services.csproj", "{55F5A110-74E1-44CE-AE1E-20D727C3BB16}"
EndProject
Project("{FAE04EC0-301F-11D3-BF4B-00C04F79EFBC}") = "French.Model", "French.Model\French.Model.csproj", "{B1D0135D-48DA-4FAE-B594-3183F6B0741D}"
EndProject
Project("{2150E333-8FDC-42A3-9474-1A3956D46DE8}") = ".nuget", ".nuget", "{63A48002-48AD-4E3A-8C23-DB0FCEC77F5A}"
	ProjectSection(SolutionItems) = preProject
		.nuget\NuGet.Config = .nuget\NuGet.Config
		.nuget\NuGet.exe = .nuget\NuGet.exe
		.nuget\NuGet.targets = .nuget\NuGet.targets
	EndProjectSection
EndProject
Project("{FAE04EC0-301F-11D3-BF4B-00C04F79EFBC}") = "French.API", "French.API\French.API.csproj", "{8C8A1B30-4F09-42AC-87C4-1C44544D80CA}"
EndProject
Global
	GlobalSection(SolutionConfigurationPlatforms) = preSolution
		Debug|Any CPU = Debug|Any CPU
		Release|Any CPU = Release|Any CPU
	EndGlobalSection
	GlobalSection(ProjectConfigurationPlatforms) = postSolution
		{F92FBF65-F026-46F8-899F-EAA13C5A0F15}.Debug|Any CPU.ActiveCfg = Debug|Any CPU
		{F92FBF65-F026-46F8-899F-EAA13C5A0F15}.Debug|Any CPU.Build.0 = Debug|Any CPU
		{F92FBF65-F026-46F8-899F-EAA13C5A0F15}.Release|Any CPU.ActiveCfg = Release|Any CPU
		{F92FBF65-F026-46F8-899F-EAA13C5A0F15}.Release|Any CPU.Build.0 = Release|Any CPU
		{55F5A110-74E1-44CE-AE1E-20D727C3BB16}.Debug|Any CPU.ActiveCfg = Debug|Any CPU
		{55F5A110-74E1-44CE-AE1E-20D727C3BB16}.Debug|Any CPU.Build.0 = Debug|Any CPU
		{55F5A110-74E1-44CE-AE1E-20D727C3BB16}.Release|Any CPU.ActiveCfg = Release|Any CPU
		{55F5A110-74E1-44CE-AE1E-20D727C3BB16}.Release|Any CPU.Build.0 = Release|Any CPU
		{B1D0135D-48DA-4FAE-B594-3183F6B0741D}.Debug|Any CPU.ActiveCfg = Debug|Any CPU
		{B1D0135D-48DA-4FAE-B594-3183F6B0741D}.Debug|Any CPU.Build.0 = Debug|Any CPU
		{B1D0135D-48DA-4FAE-B594-3183F6B0741D}.Release|Any CPU.ActiveCfg = Release|Any CPU
		{B1D0135D-48DA-4FAE-B594-3183F6B0741D}.Release|Any CPU.Build.0 = Release|Any CPU
		{8C8A1B30-4F09-42AC-87C4-1C44544D80CA}.Debug|Any CPU.ActiveCfg = Debug|Any CPU
		{8C8A1B30-4F09-42AC-87C4-1C44544D80CA}.Debug|Any CPU.Build.0 = Debug|Any CPU
		{8C8A1B30-4F09-42AC-87C4-1C44544D80CA}.Release|Any CPU.ActiveCfg = Release|Any CPU
		{8C8A1B30-4F09-42AC-87C4-1C44544D80CA}.Release|Any CPU.Build.0 = Release|Any CPU
	EndGlobalSection
	GlobalSection(SolutionProperties) = preSolution
		HideSolutionNode = FALSE
	EndGlobalSection
EndGlobal
